
Microsoft Visual Studio Solution File, Format Version 12.00
# Visual Studio 14
VisualStudioVersion = 14.0.25420.1
MinimumVisualStudioVersion = 10.0.40219.1
Project("{FAE04EC0-301F-11D3-BF4B-00C04F79EFBC}") = "SimpleExtension", "SimpleExtension\SimpleExtension.csproj", "{503551D5-6D70-4174-9368-F30D11007392}"
EndProject
Project("{FAE04EC0-301F-11D3-BF4B-00C04F79EFBC}") = "SimpleExtension.Topshelf", "SimpleExtension.Topshelf\SimpleExtension.Topshelf.csproj", "{DA076969-BBBB-4B20-B1B9-063C5542CEC4}"
EndProject
Project("{FAE04EC0-301F-11D3-BF4B-00C04F79EFBC}") = "SimpleExtension.Selenium", "SimpleExtension.Selenium\SimpleExtension.Selenium.csproj", "{6F49F21E-1754-43C8-9CF9-9E379F4733CC}"
EndProject
Global
	GlobalSection(SolutionConfigurationPlatforms) = preSolution
		Debug|Any CPU = Debug|Any CPU
		Release|Any CPU = Release|Any CPU
		Release35|Any CPU = Release35|Any CPU
		Release40|Any CPU = Release40|Any CPU
		Release45|Any CPU = Release45|Any CPU
		Release451|Any CPU = Release451|Any CPU
		Release452|Any CPU = Release452|Any CPU
		Release461|Any CPU = Release461|Any CPU
	EndGlobalSection
	GlobalSection(ProjectConfigurationPlatforms) = postSolution
		{503551D5-6D70-4174-9368-F30D11007392}.Debug|Any CPU.ActiveCfg = Debug|Any CPU
		{503551D5-6D70-4174-9368-F30D11007392}.Debug|Any CPU.Build.0 = Debug|Any CPU
		{503551D5-6D70-4174-9368-F30D11007392}.Release|Any CPU.ActiveCfg = Release461|Any CPU
		{503551D5-6D70-4174-9368-F30D11007392}.Release|Any CPU.Build.0 = Release461|Any CPU
		{503551D5-6D70-4174-9368-F30D11007392}.Release35|Any CPU.ActiveCfg = Release35|Any CPU
		{503551D5-6D70-4174-9368-F30D11007392}.Release35|Any CPU.Build.0 = Release35|Any CPU
		{503551D5-6D70-4174-9368-F30D11007392}.Release40|Any CPU.ActiveCfg = Release40|Any CPU
		{503551D5-6D70-4174-9368-F30D11007392}.Release40|Any CPU.Build.0 = Release40|Any CPU
		{503551D5-6D70-4174-9368-F30D11007392}.Release45|Any CPU.ActiveCfg = Release45|Any CPU
		{503551D5-6D70-4174-9368-F30D11007392}.Release45|Any CPU.Build.0 = Release45|Any CPU
		{503551D5-6D70-4174-9368-F30D11007392}.Release451|Any CPU.ActiveCfg = Release451|Any CPU
		{503551D5-6D70-4174-9368-F30D11007392}.Release451|Any CPU.Build.0 = Release451|Any CPU
		{503551D5-6D70-4174-9368-F30D11007392}.Release452|Any CPU.ActiveCfg = Release452|Any CPU
		{503551D5-6D70-4174-9368-F30D11007392}.Release452|Any CPU.Build.0 = Release452|Any CPU
		{503551D5-6D70-4174-9368-F30D11007392}.Release461|Any CPU.ActiveCfg = Release461|Any CPU
		{503551D5-6D70-4174-9368-F30D11007392}.Release461|Any CPU.Build.0 = Release461|Any CPU
		{DA076969-BBBB-4B20-B1B9-063C5542CEC4}.Debug|Any CPU.ActiveCfg = Debug|Any CPU
		{DA076969-BBBB-4B20-B1B9-063C5542CEC4}.Debug|Any CPU.Build.0 = Debug|Any CPU
		{DA076969-BBBB-4B20-B1B9-063C5542CEC4}.Release|Any CPU.ActiveCfg = Release|Any CPU
		{DA076969-BBBB-4B20-B1B9-063C5542CEC4}.Release|Any CPU.Build.0 = Release|Any CPU
		{DA076969-BBBB-4B20-B1B9-063C5542CEC4}.Release35|Any CPU.ActiveCfg = Release|Any CPU
		{DA076969-BBBB-4B20-B1B9-063C5542CEC4}.Release35|Any CPU.Build.0 = Release|Any CPU
		{DA076969-BBBB-4B20-B1B9-063C5542CEC4}.Release40|Any CPU.ActiveCfg = Release|Any CPU
		{DA076969-BBBB-4B20-B1B9-063C5542CEC4}.Release40|Any CPU.Build.0 = Release|Any CPU
		{DA076969-BBBB-4B20-B1B9-063C5542CEC4}.Release45|Any CPU.ActiveCfg = Release|Any CPU
		{DA076969-BBBB-4B20-B1B9-063C5542CEC4}.Release45|Any CPU.Build.0 = Release|Any CPU
		{DA076969-BBBB-4B20-B1B9-063C5542CEC4}.Release451|Any CPU.ActiveCfg = Release|Any CPU
		{DA076969-BBBB-4B20-B1B9-063C5542CEC4}.Release451|Any CPU.Build.0 = Release|Any CPU
		{DA076969-BBBB-4B20-B1B9-063C5542CEC4}.Release452|Any CPU.ActiveCfg = Release|Any CPU
		{DA076969-BBBB-4B20-B1B9-063C5542CEC4}.Release452|Any CPU.Build.0 = Release|Any CPU
		{DA076969-BBBB-4B20-B1B9-063C5542CEC4}.Release461|Any CPU.ActiveCfg = Release|Any CPU
		{DA076969-BBBB-4B20-B1B9-063C5542CEC4}.Release461|Any CPU.Build.0 = Release|Any CPU
		{6F49F21E-1754-43C8-9CF9-9E379F4733CC}.Debug|Any CPU.ActiveCfg = Debug|Any CPU
		{6F49F21E-1754-43C8-9CF9-9E379F4733CC}.Debug|Any CPU.Build.0 = Debug|Any CPU
		{6F49F21E-1754-43C8-9CF9-9E379F4733CC}.Release|Any CPU.ActiveCfg = Release|Any CPU
		{6F49F21E-1754-43C8-9CF9-9E379F4733CC}.Release|Any CPU.Build.0 = Release|Any CPU
		{6F49F21E-1754-43C8-9CF9-9E379F4733CC}.Release35|Any CPU.ActiveCfg = Release|Any CPU
		{6F49F21E-1754-43C8-9CF9-9E379F4733CC}.Release35|Any CPU.Build.0 = Release|Any CPU
		{6F49F21E-1754-43C8-9CF9-9E379F4733CC}.Release40|Any CPU.ActiveCfg = Release|Any CPU
		{6F49F21E-1754-43C8-9CF9-9E379F4733CC}.Release40|Any CPU.Build.0 = Release|Any CPU
		{6F49F21E-1754-43C8-9CF9-9E379F4733CC}.Release45|Any CPU.ActiveCfg = Release|Any CPU
		{6F49F21E-1754-43C8-9CF9-9E379F4733CC}.Release45|Any CPU.Build.0 = Release|Any CPU
		{6F49F21E-1754-43C8-9CF9-9E379F4733CC}.Release451|Any CPU.ActiveCfg = Release|Any CPU
		{6F49F21E-1754-43C8-9CF9-9E379F4733CC}.Release451|Any CPU.Build.0 = Release|Any CPU
		{6F49F21E-1754-43C8-9CF9-9E379F4733CC}.Release452|Any CPU.ActiveCfg = Release|Any CPU
		{6F49F21E-1754-43C8-9CF9-9E379F4733CC}.Release452|Any CPU.Build.0 = Release|Any CPU
		{6F49F21E-1754-43C8-9CF9-9E379F4733CC}.Release461|Any CPU.ActiveCfg = Release|Any CPU
		{6F49F21E-1754-43C8-9CF9-9E379F4733CC}.Release461|Any CPU.Build.0 = Release|Any CPU
	EndGlobalSection
	GlobalSection(SolutionProperties) = preSolution
		HideSolutionNode = FALSE
	EndGlobalSection
EndGlobal
